{
  "version": "5",
  "remote": {
    "https://code4sabae.github.io/js/SJIS.js": "d223e4599560e0dac6d28a0648a380e968c6885b81880c0fbc66143b56897155",
    "https://js.sabae.cc/CSV.js": "aa31fcb18910c40a7588ab13648215c943da901098ddcdce0e59ff378f993e0e",
    "https://js.sabae.cc/dir2array.js": "976fe9f0fe98b744b2d47f0a200e10b7272ae086e602886997e1b37f23e7271e"
  },
  "workspace": {
    "packageJson": {
      "dependencies": [
        "npm:mammoth@^1.11.0"
      ]
    }
  }
}
